
Microsoft Visual Studio Solution File, Format Version 12.00
# Visual Studio Version 17
VisualStudioVersion = 17.0.31903.59
MinimumVisualStudioVersion = 10.0.40219.1
Project("{2150E333-8FDC-42A3-9474-1A3956D46DE8}") = "services", "services", "{B2034C2E-B799-43DE-AEB1-C5A5EBEFB5C5}"
EndProject
Project("{2150E333-8FDC-42A3-9474-1A3956D46DE8}") = "catalog", "catalog", "{97259070-A9E9-40D5-8E9F-3CC7BFAFA2EB}"
EndProject
Project("{9A19103F-16F7-4668-BE54-9A1E7A4F7556}") = "Catalog.API", "services\catalog\Catalog.API\Catalog.API.csproj", "{01BA5E9B-EF1B-42EA-AA48-51B83F890B02}"
EndProject
Project("{E53339B2-1760-4266-BCC7-CA923CBCF16C}") = "docker-compose", "docker-compose.dcproj", "{0F240C2A-6D67-4959-8BF8-CF38D44DDC3E}"
EndProject
Project("{2150E333-8FDC-42A3-9474-1A3956D46DE8}") = "basket", "basket", "{824D36A3-75E4-4E83-B56B-F1551229D4CD}"
EndProject
Project("{9A19103F-16F7-4668-BE54-9A1E7A4F7556}") = "Basket.API", "services\basket\Basket.API\Basket.API.csproj", "{D5A19B4F-A3CC-471A-942D-BB4E14E86A2D}"
EndProject
Project("{2150E333-8FDC-42A3-9474-1A3956D46DE8}") = "discount", "discount", "{FD53DDC7-F70A-4184-8EAF-0FCD85EF4463}"
EndProject
Project("{9A19103F-16F7-4668-BE54-9A1E7A4F7556}") = "Discount.API", "services\discount\Discount.API\Discount.API.csproj", "{C95DFD28-B3D8-49BA-91CB-FA6F8A8AD2FB}"
EndProject
Project("{2150E333-8FDC-42A3-9474-1A3956D46DE8}") = "ordering", "ordering", "{E1BA9AFC-54AF-4CA9-8F34-618A0639DF27}"
EndProject
Project("{FAE04EC0-301F-11D3-BF4B-00C04F79EFBC}") = "Ordering.API", "services\ordering\Ordering.API\Ordering.API.csproj", "{127CCD0C-3990-42B2-BE67-90738B752FD2}"
EndProject
Global
	GlobalSection(SolutionConfigurationPlatforms) = preSolution
		Debug|Any CPU = Debug|Any CPU
		Release|Any CPU = Release|Any CPU
	EndGlobalSection
	GlobalSection(ProjectConfigurationPlatforms) = postSolution
		{01BA5E9B-EF1B-42EA-AA48-51B83F890B02}.Debug|Any CPU.ActiveCfg = Debug|Any CPU
		{01BA5E9B-EF1B-42EA-AA48-51B83F890B02}.Debug|Any CPU.Build.0 = Debug|Any CPU
		{01BA5E9B-EF1B-42EA-AA48-51B83F890B02}.Release|Any CPU.ActiveCfg = Release|Any CPU
		{01BA5E9B-EF1B-42EA-AA48-51B83F890B02}.Release|Any CPU.Build.0 = Release|Any CPU
		{0F240C2A-6D67-4959-8BF8-CF38D44DDC3E}.Debug|Any CPU.ActiveCfg = Debug|Any CPU
		{0F240C2A-6D67-4959-8BF8-CF38D44DDC3E}.Debug|Any CPU.Build.0 = Debug|Any CPU
		{0F240C2A-6D67-4959-8BF8-CF38D44DDC3E}.Release|Any CPU.ActiveCfg = Release|Any CPU
		{0F240C2A-6D67-4959-8BF8-CF38D44DDC3E}.Release|Any CPU.Build.0 = Release|Any CPU
		{D5A19B4F-A3CC-471A-942D-BB4E14E86A2D}.Debug|Any CPU.ActiveCfg = Debug|Any CPU
		{D5A19B4F-A3CC-471A-942D-BB4E14E86A2D}.Debug|Any CPU.Build.0 = Debug|Any CPU
		{D5A19B4F-A3CC-471A-942D-BB4E14E86A2D}.Release|Any CPU.ActiveCfg = Release|Any CPU
		{D5A19B4F-A3CC-471A-942D-BB4E14E86A2D}.Release|Any CPU.Build.0 = Release|Any CPU
		{C95DFD28-B3D8-49BA-91CB-FA6F8A8AD2FB}.Debug|Any CPU.ActiveCfg = Debug|Any CPU
		{C95DFD28-B3D8-49BA-91CB-FA6F8A8AD2FB}.Debug|Any CPU.Build.0 = Debug|Any CPU
		{C95DFD28-B3D8-49BA-91CB-FA6F8A8AD2FB}.Release|Any CPU.ActiveCfg = Release|Any CPU
		{C95DFD28-B3D8-49BA-91CB-FA6F8A8AD2FB}.Release|Any CPU.Build.0 = Release|Any CPU
		{127CCD0C-3990-42B2-BE67-90738B752FD2}.Debug|Any CPU.ActiveCfg = Debug|Any CPU
		{127CCD0C-3990-42B2-BE67-90738B752FD2}.Debug|Any CPU.Build.0 = Debug|Any CPU
		{127CCD0C-3990-42B2-BE67-90738B752FD2}.Release|Any CPU.ActiveCfg = Release|Any CPU
		{127CCD0C-3990-42B2-BE67-90738B752FD2}.Release|Any CPU.Build.0 = Release|Any CPU
	EndGlobalSection
	GlobalSection(SolutionProperties) = preSolution
		HideSolutionNode = FALSE
	EndGlobalSection
	GlobalSection(NestedProjects) = preSolution
		{97259070-A9E9-40D5-8E9F-3CC7BFAFA2EB} = {B2034C2E-B799-43DE-AEB1-C5A5EBEFB5C5}
		{01BA5E9B-EF1B-42EA-AA48-51B83F890B02} = {97259070-A9E9-40D5-8E9F-3CC7BFAFA2EB}
		{824D36A3-75E4-4E83-B56B-F1551229D4CD} = {B2034C2E-B799-43DE-AEB1-C5A5EBEFB5C5}
		{D5A19B4F-A3CC-471A-942D-BB4E14E86A2D} = {824D36A3-75E4-4E83-B56B-F1551229D4CD}
		{FD53DDC7-F70A-4184-8EAF-0FCD85EF4463} = {B2034C2E-B799-43DE-AEB1-C5A5EBEFB5C5}
		{C95DFD28-B3D8-49BA-91CB-FA6F8A8AD2FB} = {FD53DDC7-F70A-4184-8EAF-0FCD85EF4463}
		{E1BA9AFC-54AF-4CA9-8F34-618A0639DF27} = {B2034C2E-B799-43DE-AEB1-C5A5EBEFB5C5}
		{127CCD0C-3990-42B2-BE67-90738B752FD2} = {E1BA9AFC-54AF-4CA9-8F34-618A0639DF27}
	EndGlobalSection
	GlobalSection(ExtensibilityGlobals) = postSolution
		SolutionGuid = {14930A91-2E47-42B6-9140-D9EC11E8739A}
	EndGlobalSection
EndGlobal
